
Microsoft Visual Studio Solution File, Format Version 12.00
# Visual Studio Version 16
VisualStudioVersion = 16.0.33529.622
MinimumVisualStudioVersion = 10.0.40219.1
Project("{9A19103F-16F7-4668-BE54-9A1E7A4F7556}") = "Tile.Core.Grashopper", "Tile.Core.Grashopper\Tile.Core.Grashopper.csproj", "{D94FA8BF-83E9-4F9B-B932-5F31EA036540}"
EndProject
Project("{9A19103F-16F7-4668-BE54-9A1E7A4F7556}") = "Tile.Core", "Tile.Core\Tile.Core.csproj", "{B72A7E3F-9DF4-466E-8D99-AADC8FBE0C28}"
EndProject
Global
	GlobalSection(SolutionConfigurationPlatforms) = preSolution
		Debug|Any CPU = Debug|Any CPU
		Release|Any CPU = Release|Any CPU
	EndGlobalSection
	GlobalSection(ProjectConfigurationPlatforms) = postSolution
		{D94FA8BF-83E9-4F9B-B932-5F31EA036540}.Debug|Any CPU.ActiveCfg = Debug|Any CPU
		{D94FA8BF-83E9-4F9B-B932-5F31EA036540}.Debug|Any CPU.Build.0 = Debug|Any CPU
		{D94FA8BF-83E9-4F9B-B932-5F31EA036540}.Release|Any CPU.ActiveCfg = Release|Any CPU
		{D94FA8BF-83E9-4F9B-B932-5F31EA036540}.Release|Any CPU.Build.0 = Release|Any CPU
		{B72A7E3F-9DF4-466E-8D99-AADC8FBE0C28}.Debug|Any CPU.ActiveCfg = Debug|Any CPU
		{B72A7E3F-9DF4-466E-8D99-AADC8FBE0C28}.Debug|Any CPU.Build.0 = Debug|Any CPU
		{B72A7E3F-9DF4-466E-8D99-AADC8FBE0C28}.Release|Any CPU.ActiveCfg = Release|Any CPU
		{B72A7E3F-9DF4-466E-8D99-AADC8FBE0C28}.Release|Any CPU.Build.0 = Release|Any CPU
	EndGlobalSection
	GlobalSection(SolutionProperties) = preSolution
		HideSolutionNode = FALSE
	EndGlobalSection
	GlobalSection(ExtensibilityGlobals) = postSolution
		SolutionGuid = {BF05F21D-231B-43EA-A92F-64BC89BAB7DA}
	EndGlobalSection
EndGlobal
